
Microsoft Visual Studio Solution File, Format Version 12.00
# Visual Studio Version 16
VisualStudioVersion = 16.0.30509.190
MinimumVisualStudioVersion = 10.0.40219.1
Project("{FAE04EC0-301F-11D3-BF4B-00C04F79EFBC}") = "WebApplication1", "WebApplication1\WebApplication1.csproj", "{45D0FA19-B113-448B-A205-4CC853F5D117}"
EndProject
Global
	GlobalSection(SolutionConfigurationPlatforms) = preSolution
		Debug|Any CPU = Debug|Any CPU
		Release|Any CPU = Release|Any CPU
	EndGlobalSection
	GlobalSection(ProjectConfigurationPlatforms) = postSolution
		{45D0FA19-B113-448B-A205-4CC853F5D117}.Debug|Any CPU.ActiveCfg = Debug|Any CPU
		{45D0FA19-B113-448B-A205-4CC853F5D117}.Debug|Any CPU.Build.0 = Debug|Any CPU
		{45D0FA19-B113-448B-A205-4CC853F5D117}.Release|Any CPU.ActiveCfg = Release|Any CPU
		{45D0FA19-B113-448B-A205-4CC853F5D117}.Release|Any CPU.Build.0 = Release|Any CPU
	EndGlobalSection
	GlobalSection(SolutionProperties) = preSolution
		HideSolutionNode = FALSE
	EndGlobalSection
	GlobalSection(ExtensibilityGlobals) = postSolution
		SolutionGuid = {9BFB85EC-9CDF-4DC6-8715-C861A840F6FD}
	EndGlobalSection
EndGlobal
